
Microsoft Visual Studio Solution File, Format Version 12.00
# Visual Studio Version 16
VisualStudioVersion = 16.0.31829.152
MinimumVisualStudioVersion = 10.0.40219.1
Project("{FAE04EC0-301F-11D3-BF4B-00C04F79EFBC}") = "VS7.1.1", "VS7.1.1\VS7.1.1.csproj", "{08AA038A-8479-46ED-A945-CE07E5CE8217}"
EndProject
Project("{FAE04EC0-301F-11D3-BF4B-00C04F79EFBC}") = "VS7.1.2", "VS7.1.2\VS7.1.2.csproj", "{AD793223-2BE2-4D8B-8D2B-F408CE6BA2A4}"
EndProject
Global
	GlobalSection(SolutionConfigurationPlatforms) = preSolution
		Debug|Any CPU = Debug|Any CPU
		Release|Any CPU = Release|Any CPU
	EndGlobalSection
	GlobalSection(ProjectConfigurationPlatforms) = postSolution
		{08AA038A-8479-46ED-A945-CE07E5CE8217}.Debug|Any CPU.ActiveCfg = Debug|Any CPU
		{08AA038A-8479-46ED-A945-CE07E5CE8217}.Debug|Any CPU.Build.0 = Debug|Any CPU
		{08AA038A-8479-46ED-A945-CE07E5CE8217}.Release|Any CPU.ActiveCfg = Release|Any CPU
		{08AA038A-8479-46ED-A945-CE07E5CE8217}.Release|Any CPU.Build.0 = Release|Any CPU
		{AD793223-2BE2-4D8B-8D2B-F408CE6BA2A4}.Debug|Any CPU.ActiveCfg = Debug|Any CPU
		{AD793223-2BE2-4D8B-8D2B-F408CE6BA2A4}.Debug|Any CPU.Build.0 = Debug|Any CPU
		{AD793223-2BE2-4D8B-8D2B-F408CE6BA2A4}.Release|Any CPU.ActiveCfg = Release|Any CPU
		{AD793223-2BE2-4D8B-8D2B-F408CE6BA2A4}.Release|Any CPU.Build.0 = Release|Any CPU
	EndGlobalSection
	GlobalSection(SolutionProperties) = preSolution
		HideSolutionNode = FALSE
	EndGlobalSection
	GlobalSection(ExtensibilityGlobals) = postSolution
		SolutionGuid = {0C53D440-E271-4CD0-BDC2-62FDD1E7E276}
	EndGlobalSection
EndGlobal
